// !$*UTF8*$!
{
	archiveVersion = 1;
	classes = {
	};
	objectVersion = 56;
	objects = {

/* Begin PBXBuildFile section */
		749B275C2D61A46A00AA1449 /* TTTApp.swift in Sources */ = {isa = PBXBuildFile; fileRef = 749B275B2D61A46A00AA1449 /* TTTApp.swift */; };
		749B275E2D61A46A00AA1449 /* ContentView.swift in Sources */ = {isa = PBXBuildFile; fileRef = 749B275D2D61A46A00AA1449 /* ContentView.swift */; };
		749B27602D61A46A00AA1449 /* Assets.xcassets in Resources */ = {isa = PBXBuildFile; fileRef = 749B275F2D61A46A00AA1449 /* Assets.xcassets */; };
		749B27632D61A46A00AA1449 /* Preview Assets.xcassets in Resources */ = {isa = PBXBuildFile; fileRef = 749B27622D61A46A00AA1449 /* Preview Assets.xcassets */; };
		749B276B2D6AAF9C00AA1449 /* GameFunc.swift in Sources */ = {isa = PBXBuildFile; fileRef = 749B27692D61A55C00AA1449 /* GameFunc.swift */; };
		749B27752D6AC98F00AA1449 /* GameDataModel.xcdatamodeld in Sources */ = {isa = PBXBuildFile; fileRef = 749B27732D6AC98F00AA1449 /* GameDataModel.xcdatamodeld */; };
		749B27772D6AC9AC00AA1449 /* CoreDataManager.swift in Sources */ = {isa = PBXBuildFile; fileRef = 749B27762D6AC9AC00AA1449 /* CoreDataManager.swift */; };
		749B27792D6D5A3C00AA1449 /* CoreDataManagerproperties.swift in Sources */ = {isa = PBXBuildFile; fileRef = 749B27782D6D5A3C00AA1449 /* CoreDataManagerproperties.swift */; };
		749B277B2D6D5DF000AA1449 /* ViewController copy.swift in Sources */ = {isa = PBXBuildFile; fileRef = 749B277A2D6D5DF000AA1449 /* ViewController copy.swift */; };
		749B277D2D6D5E0C00AA1449 /* AppDelegate copy.swift in Sources */ = {isa = PBXBuildFile; fileRef = 749B277C2D6D5E0C00AA1449 /* AppDelegate copy.swift */; };
		749B277F2D6D5E1D00AA1449 /* SceneDelegate copy.swift in Sources */ = {isa = PBXBuildFile; fileRef = 749B277E2D6D5E1D00AA1449 /* SceneDelegate copy.swift */; };
		749B27822D6D605500AA1449 /* CoreDataTable.xcdatamodeld in Sources */ = {isa = PBXBuildFile; fileRef = 749B27802D6D605500AA1449 /* CoreDataTable.xcdatamodeld */; };
		749B27842D729B4A00AA1449 /* ScoreManager.swift in Sources */ = {isa = PBXBuildFile; fileRef = 749B27832D729B4A00AA1449 /* ScoreManager.swift */; };
		749B27862D729C9E00AA1449 /* GameDataModel.swift in Sources */ = {isa = PBXBuildFile; fileRef = 749B27852D729C9E00AA1449 /* GameDataModel.swift */; };
		749B27952D72B09100AA1449 /* PlayerScore+CoreDataClass.swift in Sources */ = {isa = PBXBuildFile; fileRef = 749B27932D72B09100AA1449 /* PlayerScore+CoreDataClass.swift */; };
		749B27962D72B09100AA1449 /* PlayerScore+CoreDataProperties.swift in Sources */ = {isa = PBXBuildFile; fileRef = 749B27942D72B09100AA1449 /* PlayerScore+CoreDataProperties.swift */; };
		749B27992D72B19100AA1449 /* Person+CoreDataClass.swift in Sources */ = {isa = PBXBuildFile; fileRef = 749B27972D72B19100AA1449 /* Person+CoreDataClass.swift */; };
		749B279A2D72B19100AA1449 /* Person+CoreDataProperties.swift in Sources */ = {isa = PBXBuildFile; fileRef = 749B27982D72B19100AA1449 /* Person+CoreDataProperties.swift */; };
		749B279C2D74AC8400AA1449 /* PersistenceController.swift in Sources */ = {isa = PBXBuildFile; fileRef = 749B279B2D74AC8400AA1449 /* PersistenceController.swift */; };
		749B279E2D7772B300AA1449 /* HighLowCardGameView.swift in Sources */ = {isa = PBXBuildFile; fileRef = 749B279D2D7772B300AA1449 /* HighLowCardGameView.swift */; };
		749B27A22D77D94600AA1449 /* HighLowViewController.swift in Sources */ = {isa = PBXBuildFile; fileRef = 749B27A12D77D94600AA1449 /* HighLowViewController.swift */; };
		749B27A42D7F3D5C00AA1449 /* GuessNumberView.swift in Sources */ = {isa = PBXBuildFile; fileRef = 749B27A32D7F3D5B00AA1449 /* GuessNumberView.swift */; };
		749B27A62D8EF80B00AA1449 /* SKGame.swift in Sources */ = {isa = PBXBuildFile; fileRef = 749B27A52D8EF80B00AA1449 /* SKGame.swift */; };
		749B27A82D8EF86000AA1449 /* GameScene.swift in Sources */ = {isa = PBXBuildFile; fileRef = 749B27A72D8EF86000AA1449 /* GameScene.swift */; };
		74C1F7752D9A13FA006B832D /* dot.swift in Sources */ = {isa = PBXBuildFile; fileRef = 74C1F7742D9A13FA006B832D /* dot.swift */; };
		74C1F7772DAB1017006B832D /* Circle.swift in Sources */ = {isa = PBXBuildFile; fileRef = 74C1F7762DAB1017006B832D /* Circle.swift */; };
/* End PBXBuildFile section */

/* Begin PBXFileReference section */
		749B27582D61A46A00AA1449 /* TTT.app */ = {isa = PBXFileReference; explicitFileType = wrapper.application; includeInIndex = 0; path = TTT.app; sourceTree = BUILT_PRODUCTS_DIR; };
		749B275B2D61A46A00AA1449 /* TTTApp.swift */ = {isa = PBXFileReference; lastKnownFileType = sourcecode.swift; path = TTTApp.swift; sourceTree = "<group>"; };
		749B275D2D61A46A00AA1449 /* ContentView.swift */ = {isa = PBXFileReference; lastKnownFileType = sourcecode.swift; path = ContentView.swift; sourceTree = "<group>"; };
		749B275F2D61A46A00AA1449 /* Assets.xcassets */ = {isa = PBXFileReference; lastKnownFileType = folder.assetcatalog; path = Assets.xcassets; sourceTree = "<group>"; };
		749B27622D61A46A00AA1449 /* Preview Assets.xcassets */ = {isa = PBXFileReference; lastKnownFileType = folder.assetcatalog; path = "Preview Assets.xcassets"; sourceTree = "<group>"; };
		749B27692D61A55C00AA1449 /* GameFunc.swift */ = {isa = PBXFileReference; lastKnownFileType = sourcecode.swift; path = GameFunc.swift; sourceTree = "<group>"; };
		749B27742D6AC98F00AA1449 /* GameDataModel.xcdatamodel */ = {isa = PBXFileReference; lastKnownFileType = wrapper.xcdatamodel; path = GameDataModel.xcdatamodel; sourceTree = "<group>"; };
		749B27762D6AC9AC00AA1449 /* CoreDataManager.swift */ = {isa = PBXFileReference; lastKnownFileType = sourcecode.swift; path = CoreDataManager.swift; sourceTree = "<group>"; };
		749B27782D6D5A3C00AA1449 /* CoreDataManagerproperties.swift */ = {isa = PBXFileReference; lastKnownFileType = sourcecode.swift; path = CoreDataManagerproperties.swift; sourceTree = "<group>"; };
		749B277A2D6D5DF000AA1449 /* ViewController copy.swift */ = {isa = PBXFileReference; fileEncoding = 4; lastKnownFileType = sourcecode.swift; path = "ViewController copy.swift"; sourceTree = "<group>"; };
		749B277C2D6D5E0C00AA1449 /* AppDelegate copy.swift */ = {isa = PBXFileReference; fileEncoding = 4; lastKnownFileType = sourcecode.swift; path = "AppDelegate copy.swift"; sourceTree = "<group>"; };
		749B277E2D6D5E1D00AA1449 /* SceneDelegate copy.swift */ = {isa = PBXFileReference; fileEncoding = 4; lastKnownFileType = sourcecode.swift; path = "SceneDelegate copy.swift"; sourceTree = "<group>"; };
		749B27812D6D605500AA1449 /* CoreDataTable.xcdatamodel */ = {isa = PBXFileReference; lastKnownFileType = wrapper.xcdatamodel; path = CoreDataTable.xcdatamodel; sourceTree = "<group>"; };
		749B27832D729B4A00AA1449 /* ScoreManager.swift */ = {isa = PBXFileReference; lastKnownFileType = sourcecode.swift; path = ScoreManager.swift; sourceTree = "<group>"; };
		749B27852D729C9E00AA1449 /* GameDataModel.swift */ = {isa = PBXFileReference; lastKnownFileType = sourcecode.swift; path = GameDataModel.swift; sourceTree = "<group>"; };
		749B27932D72B09100AA1449 /* PlayerScore+CoreDataClass.swift */ = {isa = PBXFileReference; lastKnownFileType = sourcecode.swift; path = "PlayerScore+CoreDataClass.swift"; sourceTree = "<group>"; };
		749B27942D72B09100AA1449 /* PlayerScore+CoreDataProperties.swift */ = {isa = PBXFileReference; lastKnownFileType = sourcecode.swift; path = "PlayerScore+CoreDataProperties.swift"; sourceTree = "<group>"; };
		749B27972D72B19100AA1449 /* Person+CoreDataClass.swift */ = {isa = PBXFileReference; lastKnownFileType = sourcecode.swift; path = "Person+CoreDataClass.swift"; sourceTree = "<group>"; };
		749B27982D72B19100AA1449 /* Person+CoreDataProperties.swift */ = {isa = PBXFileReference; lastKnownFileType = sourcecode.swift; path = "Person+CoreDataProperties.swift"; sourceTree = "<group>"; };
		749B279B2D74AC8400AA1449 /* PersistenceController.swift */ = {isa = PBXFileReference; lastKnownFileType = sourcecode.swift; path = PersistenceController.swift; sourceTree = "<group>"; };
		749B279D2D7772B300AA1449 /* HighLowCardGameView.swift */ = {isa = PBXFileReference; lastKnownFileType = sourcecode.swift; path = HighLowCardGameView.swift; sourceTree = "<group>"; };
		749B27A12D77D94600AA1449 /* HighLowViewController.swift */ = {isa = PBXFileReference; lastKnownFileType = sourcecode.swift; path = HighLowViewController.swift; sourceTree = "<group>"; };
		749B27A32D7F3D5B00AA1449 /* GuessNumberView.swift */ = {isa = PBXFileReference; lastKnownFileType = sourcecode.swift; path = GuessNumberView.swift; sourceTree = "<group>"; };
		749B27A52D8EF80B00AA1449 /* SKGame.swift */ = {isa = PBXFileReference; lastKnownFileType = sourcecode.swift; path = SKGame.swift; sourceTree = "<group>"; };
		749B27A72D8EF86000AA1449 /* GameScene.swift */ = {isa = PBXFileReference; lastKnownFileType = sourcecode.swift; path = GameScene.swift; sourceTree = "<group>"; };
		74C1F7742D9A13FA006B832D /* dot.swift */ = {isa = PBXFileReference; lastKnownFileType = sourcecode.swift; path = dot.swift; sourceTree = "<group>"; };
		74C1F7762DAB1017006B832D /* Circle.swift */ = {isa = PBXFileReference; lastKnownFileType = sourcecode.swift; path = Circle.swift; sourceTree = "<group>"; };
/* End PBXFileReference section */

/* Begin PBXFrameworksBuildPhase section */
		749B27552D61A46A00AA1449 /* Frameworks */ = {
			isa = PBXFrameworksBuildPhase;
			buildActionMask = 2147483647;
			files = (
			);
			runOnlyForDeploymentPostprocessing = 0;
		};
/* End PBXFrameworksBuildPhase section */

/* Begin PBXGroup section */
		749B274F2D61A46A00AA1449 = {
			isa = PBXGroup;
			children = (
				749B27972D72B19100AA1449 /* Person+CoreDataClass.swift */,
				749B27982D72B19100AA1449 /* Person+CoreDataProperties.swift */,
				749B27932D72B09100AA1449 /* PlayerScore+CoreDataClass.swift */,
				749B27942D72B09100AA1449 /* PlayerScore+CoreDataProperties.swift */,
				749B275A2D61A46A00AA1449 /* TTT */,
				749B27592D61A46A00AA1449 /* Products */,
			);
			sourceTree = "<group>";
		};
		749B27592D61A46A00AA1449 /* Products */ = {
			isa = PBXGroup;
			children = (
				749B27582D61A46A00AA1449 /* TTT.app */,
			);
			name = Products;
			sourceTree = "<group>";
		};
		749B275A2D61A46A00AA1449 /* TTT */ = {
			isa = PBXGroup;
			children = (
				749B27692D61A55C00AA1449 /* GameFunc.swift */,
				749B275B2D61A46A00AA1449 /* TTTApp.swift */,
				749B275D2D61A46A00AA1449 /* ContentView.swift */,
				749B275F2D61A46A00AA1449 /* Assets.xcassets */,
				749B27612D61A46A00AA1449 /* Preview Content */,
				749B27732D6AC98F00AA1449 /* GameDataModel.xcdatamodeld */,
				749B27762D6AC9AC00AA1449 /* CoreDataManager.swift */,
			);
			name = TTT;
			path = "../../../../Users/felixmedina/Desktop/Demo Game/Demo Game/TTT/TTT";
			sourceTree = DEVELOPER_DIR;
		};
		749B27612D61A46A00AA1449 /* Preview Content */ = {
			isa = PBXGroup;
			children = (
				749B27852D729C9E00AA1449 /* GameDataModel.swift */,
				749B27832D729B4A00AA1449 /* ScoreManager.swift */,
				749B27802D6D605500AA1449 /* CoreDataTable.xcdatamodeld */,
				749B277E2D6D5E1D00AA1449 /* SceneDelegate copy.swift */,
				749B277C2D6D5E0C00AA1449 /* AppDelegate copy.swift */,
				749B277A2D6D5DF000AA1449 /* ViewController copy.swift */,
				749B27622D61A46A00AA1449 /* Preview Assets.xcassets */,
				749B27782D6D5A3C00AA1449 /* CoreDataManagerproperties.swift */,
				749B279B2D74AC8400AA1449 /* PersistenceController.swift */,
				749B279D2D7772B300AA1449 /* HighLowCardGameView.swift */,
				749B27A12D77D94600AA1449 /* HighLowViewController.swift */,
				749B27A32D7F3D5B00AA1449 /* GuessNumberView.swift */,
				749B27A52D8EF80B00AA1449 /* SKGame.swift */,
				749B27A72D8EF86000AA1449 /* GameScene.swift */,
				74C1F7742D9A13FA006B832D /* dot.swift */,
				74C1F7762DAB1017006B832D /* Circle.swift */,
			);
			path = "Preview Content";
			sourceTree = "<group>";
		};
/* End PBXGroup section */

/* Begin PBXNativeTarget section */
		749B27572D61A46A00AA1449 /* TTT */ = {
			isa = PBXNativeTarget;
			buildConfigurationList = 749B27662D61A46A00AA1449 /* Build configuration list for PBXNativeTarget "TTT" */;
			buildPhases = (
				749B27542D61A46A00AA1449 /* Sources */,
				749B27552D61A46A00AA1449 /* Frameworks */,
				749B27562D61A46A00AA1449 /* Resources */,
			);
			buildRules = (
			);
			dependencies = (
			);
			name = TTT;
			productName = TTT;
			productReference = 749B27582D61A46A00AA1449 /* TTT.app */;
			productType = "com.apple.product-type.application";
		};
/* End PBXNativeTarget section */

/* Begin PBXProject section */
		749B27502D61A46A00AA1449 /* Project object */ = {
			isa = PBXProject;
			attributes = {
				BuildIndependentTargetsInParallel = 1;
				LastSwiftUpdateCheck = 1420;
				LastUpgradeCheck = 1420;
				TargetAttributes = {
					749B27572D61A46A00AA1449 = {
						CreatedOnToolsVersion = 14.2;
					};
				};
			};
			buildConfigurationList = 749B27532D61A46A00AA1449 /* Build configuration list for PBXProject "TTT" */;
			compatibilityVersion = "Xcode 14.0";
			developmentRegion = en;
			hasScannedForEncodings = 0;
			knownRegions = (
				en,
				Base,
			);
			mainGroup = 749B274F2D61A46A00AA1449;
			productRefGroup = 749B27592D61A46A00AA1449 /* Products */;
			projectDirPath = "";
			projectRoot = "";
			targets = (
				749B27572D61A46A00AA1449 /* TTT */,
			);
		};
/* End PBXProject section */

/* Begin PBXResourcesBuildPhase section */
		749B27562D61A46A00AA1449 /* Resources */ = {
			isa = PBXResourcesBuildPhase;
			buildActionMask = 2147483647;
			files = (
				749B27632D61A46A00AA1449 /* Preview Assets.xcassets in Resources */,
				749B27602D61A46A00AA1449 /* Assets.xcassets in Resources */,
			);
			runOnlyForDeploymentPostprocessing = 0;
		};
/* End PBXResourcesBuildPhase section */

/* Begin PBXSourcesBuildPhase section */
		749B27542D61A46A00AA1449 /* Sources */ = {
			isa = PBXSourcesBuildPhase;
			buildActionMask = 2147483647;
			files = (
				749B277D2D6D5E0C00AA1449 /* AppDelegate copy.swift in Sources */,
				749B279E2D7772B300AA1449 /* HighLowCardGameView.swift in Sources */,
				749B27822D6D605500AA1449 /* CoreDataTable.xcdatamodeld in Sources */,
				749B27A42D7F3D5C00AA1449 /* GuessNumberView.swift in Sources */,
				749B27992D72B19100AA1449 /* Person+CoreDataClass.swift in Sources */,
				749B27792D6D5A3C00AA1449 /* CoreDataManagerproperties.swift in Sources */,
				749B277F2D6D5E1D00AA1449 /* SceneDelegate copy.swift in Sources */,
				749B277B2D6D5DF000AA1449 /* ViewController copy.swift in Sources */,
				749B275E2D61A46A00AA1449 /* ContentView.swift in Sources */,
				749B276B2D6AAF9C00AA1449 /* GameFunc.swift in Sources */,
				749B27A62D8EF80B00AA1449 /* SKGame.swift in Sources */,
				749B275C2D61A46A00AA1449 /* TTTApp.swift in Sources */,
				749B27772D6AC9AC00AA1449 /* CoreDataManager.swift in Sources */,
				749B279C2D74AC8400AA1449 /* PersistenceController.swift in Sources */,
				749B27842D729B4A00AA1449 /* ScoreManager.swift in Sources */,
				749B27752D6AC98F00AA1449 /* GameDataModel.xcdatamodeld in Sources */,
				749B27A82D8EF86000AA1449 /* GameScene.swift in Sources */,
				74C1F7772DAB1017006B832D /* Circle.swift in Sources */,
				749B279A2D72B19100AA1449 /* Person+CoreDataProperties.swift in Sources */,
				749B27962D72B09100AA1449 /* PlayerScore+CoreDataProperties.swift in Sources */,
				749B27862D729C9E00AA1449 /* GameDataModel.swift in Sources */,
				749B27A22D77D94600AA1449 /* HighLowViewController.swift in Sources */,
				749B27952D72B09100AA1449 /* PlayerScore+CoreDataClass.swift in Sources */,
				74C1F7752D9A13FA006B832D /* dot.swift in Sources */,
			);
			runOnlyForDeploymentPostprocessing = 0;
		};
/* End PBXSourcesBuildPhase section */

/* Begin XCBuildConfiguration section */
		749B27642D61A46A00AA1449 /* Debug */ = {
			isa = XCBuildConfiguration;
			buildSettings = {
				ALWAYS_SEARCH_USER_PATHS = NO;
				CLANG_ANALYZER_NONNULL = YES;
				CLANG_ANALYZER_NUMBER_OBJECT_CONVERSION = YES_AGGRESSIVE;
				CLANG_CXX_LANGUAGE_STANDARD = "gnu++20";
				CLANG_ENABLE_MODULES = YES;
				CLANG_ENABLE_OBJC_ARC = YES;
				CLANG_ENABLE_OBJC_WEAK = YES;
				CLANG_WARN_BLOCK_CAPTURE_AUTORELEASING = YES;
				CLANG_WARN_BOOL_CONVERSION = YES;
				CLANG_WARN_COMMA = YES;
				CLANG_WARN_CONSTANT_CONVERSION = YES;
				CLANG_WARN_DEPRECATED_OBJC_IMPLEMENTATIONS = YES;
				CLANG_WARN_DIRECT_OBJC_ISA_USAGE = YES_ERROR;
				CLANG_WARN_DOCUMENTATION_COMMENTS = YES;
				CLANG_WARN_EMPTY_BODY = YES;
				CLANG_WARN_ENUM_CONVERSION = YES;
				CLANG_WARN_INFINITE_RECURSION = YES;
				CLANG_WARN_INT_CONVERSION = YES;
				CLANG_WARN_NON_LITERAL_NULL_CONVERSION = YES;
				CLANG_WARN_OBJC_IMPLICIT_RETAIN_SELF = YES;
				CLANG_WARN_OBJC_LITERAL_CONVERSION = YES;
				CLANG_WARN_OBJC_ROOT_CLASS = YES_ERROR;
				CLANG_WARN_QUOTED_INCLUDE_IN_FRAMEWORK_HEADER = YES;
				CLANG_WARN_RANGE_LOOP_ANALYSIS = YES;
				CLANG_WARN_STRICT_PROTOTYPES = YES;
				CLANG_WARN_SUSPICIOUS_MOVE = YES;
				CLANG_WARN_UNGUARDED_AVAILABILITY = YES_AGGRESSIVE;
				CLANG_WARN_UNREACHABLE_CODE = YES;
				CLANG_WARN__DUPLICATE_METHOD_MATCH = YES;
				COPY_PHASE_STRIP = NO;
				DEBUG_INFORMATION_FORMAT = dwarf;
				ENABLE_STRICT_OBJC_MSGSEND = YES;
				ENABLE_TESTABILITY = YES;
				GCC_C_LANGUAGE_STANDARD = gnu11;
				GCC_DYNAMIC_NO_PIC = NO;
				GCC_NO_COMMON_BLOCKS = YES;
				GCC_OPTIMIZATION_LEVEL = 0;
				GCC_PREPROCESSOR_DEFINITIONS = (
					"DEBUG=1",
					"$(inherited)",
				);
				GCC_WARN_64_TO_32_BIT_CONVERSION = YES;
				GCC_WARN_ABOUT_RETURN_TYPE = YES_ERROR;
				GCC_WARN_UNDECLARED_SELECTOR = YES;
				GCC_WARN_UNINITIALIZED_AUTOS = YES_AGGRESSIVE;
				GCC_WARN_UNUSED_FUNCTION = YES;
				GCC_WARN_UNUSED_VARIABLE = YES;
				IPHONEOS_DEPLOYMENT_TARGET = 16.2;
				MTL_ENABLE_DEBUG_INFO = INCLUDE_SOURCE;
				MTL_FAST_MATH = YES;
				ONLY_ACTIVE_ARCH = YES;
				SDKROOT = iphoneos;
				SWIFT_ACTIVE_COMPILATION_CONDITIONS = DEBUG;
				SWIFT_OPTIMIZATION_LEVEL = "-Onone";
			};
			name = Debug;
		};
		749B27652D61A46A00AA1449 /* Release */ = {
			isa = XCBuildConfiguration;
			buildSettings = {
				ALWAYS_SEARCH_USER_PATHS = NO;
				CLANG_ANALYZER_NONNULL = YES;
				CLANG_ANALYZER_NUMBER_OBJECT_CONVERSION = YES_AGGRESSIVE;
				CLANG_CXX_LANGUAGE_STANDARD = "gnu++20";
				CLANG_ENABLE_MODULES = YES;
				CLANG_ENABLE_OBJC_ARC = YES;
				CLANG_ENABLE_OBJC_WEAK = YES;
				CLANG_WARN_BLOCK_CAPTURE_AUTORELEASING = YES;
				CLANG_WARN_BOOL_CONVERSION = YES;
				CLANG_WARN_COMMA = YES;
				CLANG_WARN_CONSTANT_CONVERSION = YES;
				CLANG_WARN_DEPRECATED_OBJC_IMPLEMENTATIONS = YES;
				CLANG_WARN_DIRECT_OBJC_ISA_USAGE = YES_ERROR;
				CLANG_WARN_DOCUMENTATION_COMMENTS = YES;
				CLANG_WARN_EMPTY_BODY = YES;
				CLANG_WARN_ENUM_CONVERSION = YES;
				CLANG_WARN_INFINITE_RECURSION = YES;
				CLANG_WARN_INT_CONVERSION = YES;
				CLANG_WARN_NON_LITERAL_NULL_CONVERSION = YES;
				CLANG_WARN_OBJC_IMPLICIT_RETAIN_SELF = YES;
				CLANG_WARN_OBJC_LITERAL_CONVERSION = YES;
				CLANG_WARN_OBJC_ROOT_CLASS = YES_ERROR;
				CLANG_WARN_QUOTED_INCLUDE_IN_FRAMEWORK_HEADER = YES;
				CLANG_WARN_RANGE_LOOP_ANALYSIS = YES;
				CLANG_WARN_STRICT_PROTOTYPES = YES;
				CLANG_WARN_SUSPICIOUS_MOVE = YES;
				CLANG_WARN_UNGUARDED_AVAILABILITY = YES_AGGRESSIVE;
				CLANG_WARN_UNREACHABLE_CODE = YES;
				CLANG_WARN__DUPLICATE_METHOD_MATCH = YES;
				COPY_PHASE_STRIP = NO;
				DEBUG_INFORMATION_FORMAT = "dwarf-with-dsym";
				ENABLE_NS_ASSERTIONS = NO;
				ENABLE_STRICT_OBJC_MSGSEND = YES;
				GCC_C_LANGUAGE_STANDARD = gnu11;
				GCC_NO_COMMON_BLOCKS = YES;
				GCC_WARN_64_TO_32_BIT_CONVERSION = YES;
				GCC_WARN_ABOUT_RETURN_TYPE = YES_ERROR;
				GCC_WARN_UNDECLARED_SELECTOR = YES;
				GCC_WARN_UNINITIALIZED_AUTOS = YES_AGGRESSIVE;
				GCC_WARN_UNUSED_FUNCTION = YES;
				GCC_WARN_UNUSED_VARIABLE = YES;
				IPHONEOS_DEPLOYMENT_TARGET = 16.2;
				MTL_ENABLE_DEBUG_INFO = NO;
				MTL_FAST_MATH = YES;
				SDKROOT = iphoneos;
				SWIFT_COMPILATION_MODE = wholemodule;
				SWIFT_OPTIMIZATION_LEVEL = "-O";
				VALIDATE_PRODUCT = YES;
			};
			name = Release;
		};
		749B27672D61A46A00AA1449 /* Debug */ = {
			isa = XCBuildConfiguration;
			buildSettings = {
				ASSETCATALOG_COMPILER_APPICON_NAME = AppIcon;
				ASSETCATALOG_COMPILER_GLOBAL_ACCENT_COLOR_NAME = AccentColor;
				CODE_SIGN_STYLE = Automatic;
				CURRENT_PROJECT_VERSION = 1;
				DEVELOPMENT_ASSET_PATHS = "\"TTT/Preview Content\"";
				ENABLE_PREVIEWS = YES;
				GENERATE_INFOPLIST_FILE = YES;
				INFOPLIST_KEY_UIApplicationSceneManifest_Generation = YES;
				INFOPLIST_KEY_UIApplicationSupportsIndirectInputEvents = YES;
				INFOPLIST_KEY_UILaunchScreen_Generation = YES;
				INFOPLIST_KEY_UISupportedInterfaceOrientations_iPad = "UIInterfaceOrientationPortrait UIInterfaceOrientationPortraitUpsideDown UIInterfaceOrientationLandscapeLeft UIInterfaceOrientationLandscapeRight";
				INFOPLIST_KEY_UISupportedInterfaceOrientations_iPhone = "UIInterfaceOrientationPortrait UIInterfaceOrientationLandscapeLeft UIInterfaceOrientationLandscapeRight";
				LD_RUNPATH_SEARCH_PATHS = (
					"$(inherited)",
					"@executable_path/Frameworks",
				);
				MARKETING_VERSION = 1.0;
				PRODUCT_BUNDLE_IDENTIFIER = com.javier.TTT;
				PRODUCT_NAME = "$(TARGET_NAME)";
				SWIFT_EMIT_LOC_STRINGS = YES;
				SWIFT_VERSION = 5.0;
				TARGETED_DEVICE_FAMILY = "1,2";
			};
			name = Debug;
		};
		749B27682D61A46A00AA1449 /* Release */ = {
			isa = XCBuildConfiguration;
			buildSettings = {
				ASSETCATALOG_COMPILER_APPICON_NAME = AppIcon;
				ASSETCATALOG_COMPILER_GLOBAL_ACCENT_COLOR_NAME = AccentColor;
				CODE_SIGN_STYLE = Automatic;
				CURRENT_PROJECT_VERSION = 1;
				DEVELOPMENT_ASSET_PATHS = "\"TTT/Preview Content\"";
				ENABLE_PREVIEWS = YES;
				GENERATE_INFOPLIST_FILE = YES;
				INFOPLIST_KEY_UIApplicationSceneManifest_Generation = YES;
				INFOPLIST_KEY_UIApplicationSupportsIndirectInputEvents = YES;
				INFOPLIST_KEY_UILaunchScreen_Generation = YES;
				INFOPLIST_KEY_UISupportedInterfaceOrientations_iPad = "UIInterfaceOrientationPortrait UIInterfaceOrientationPortraitUpsideDown UIInterfaceOrientationLandscapeLeft UIInterfaceOrientationLandscapeRight";
				INFOPLIST_KEY_UISupportedInterfaceOrientations_iPhone = "UIInterfaceOrientationPortrait UIInterfaceOrientationLandscapeLeft UIInterfaceOrientationLandscapeRight";
				LD_RUNPATH_SEARCH_PATHS = (
					"$(inherited)",
					"@executable_path/Frameworks",
				);
				MARKETING_VERSION = 1.0;
				PRODUCT_BUNDLE_IDENTIFIER = com.javier.TTT;
				PRODUCT_NAME = "$(TARGET_NAME)";
				SWIFT_EMIT_LOC_STRINGS = YES;
				SWIFT_VERSION = 5.0;
				TARGETED_DEVICE_FAMILY = "1,2";
			};
			name = Release;
		};
/* End XCBuildConfiguration section */

/* Begin XCConfigurationList section */
		749B27532D61A46A00AA1449 /* Build configuration list for PBXProject "TTT" */ = {
			isa = XCConfigurationList;
			buildConfigurations = (
				749B27642D61A46A00AA1449 /* Debug */,
				749B27652D61A46A00AA1449 /* Release */,
			);
			defaultConfigurationIsVisible = 0;
			defaultConfigurationName = Release;
		};
		749B27662D61A46A00AA1449 /* Build configuration list for PBXNativeTarget "TTT" */ = {
			isa = XCConfigurationList;
			buildConfigurations = (
				749B27672D61A46A00AA1449 /* Debug */,
				749B27682D61A46A00AA1449 /* Release */,
			);
			defaultConfigurationIsVisible = 0;
			defaultConfigurationName = Release;
		};
/* End XCConfigurationList section */

/* Begin XCVersionGroup section */
		749B27732D6AC98F00AA1449 /* GameDataModel.xcdatamodeld */ = {
			isa = XCVersionGroup;
			children = (
				749B27742D6AC98F00AA1449 /* GameDataModel.xcdatamodel */,
			);
			currentVersion = 749B27742D6AC98F00AA1449 /* GameDataModel.xcdatamodel */;
			path = GameDataModel.xcdatamodeld;
			sourceTree = "<group>";
			versionGroupType = wrapper.xcdatamodel;
		};
		749B27802D6D605500AA1449 /* CoreDataTable.xcdatamodeld */ = {
			isa = XCVersionGroup;
			children = (
				749B27812D6D605500AA1449 /* CoreDataTable.xcdatamodel */,
			);
			currentVersion = 749B27812D6D605500AA1449 /* CoreDataTable.xcdatamodel */;
			path = CoreDataTable.xcdatamodeld;
			sourceTree = "<group>";
			versionGroupType = wrapper.xcdatamodel;
		};
/* End XCVersionGroup section */
	};
	rootObject = 749B27502D61A46A00AA1449 /* Project object */;
}
